<?xml version="1.0" encoding="utf-8"?>
<Project ToolsVersion="4.0" xmlns="http://schemas.microsoft.com/developer/msbuild/2003">
  <ItemGroup>
    <Filter Include="Source Files">
      <UniqueIdentifier>{4FC737F1-C7A5-4376-A066-2A32D752A2FF}</UniqueIdentifier>
      <Extensions>cpp;c;cc;cxx;def;odl;idl;hpj;bat;asm;asmx</Extensions>
    </Filter>
    <Filter Include="Header Files">
      <UniqueIdentifier>{93995380-89BD-4b04-88EB-625FBE52EBFB}</UniqueIdentifier>
      <Extensions>h;hh;hpp;hxx;hm;inl;inc;ipp;xsd</Extensions>
    </Filter>
    <Filter Include="Resource Files">
      <UniqueIdentifier>{67DA6AB6-F800-4c08-8B7A-83BB121AAD01}</UniqueIdentifier>
      <Extensions>rc;ico;cur;bmp;dlg;rc2;rct;bin;rgs;gif;jpg;jpeg;jpe;resx;tiff;tif;png;wav;mfcribbon-ms</Extensions>
    </Filter>
    <Filter Include="Source Files\GameState">
      <UniqueIdentifier>{7098d032-ba61-4651-8cc3-680c2aae27b3}</UniqueIdentifier>
    </Filter>
    <Filter Include="Header Files\GameState">
      <UniqueIdentifier>{30349862-bcd2-4915-840d-94358cf45be2}</UniqueIdentifier>
    </Filter>
    <Filter Include="Header Files\Combat">
      <UniqueIdentifier>{fe4a00cf-7506-4f2b-ad63-046fe595722c}</UniqueIdentifier>
    </Filter>
    <Filter Include="Header Files\Combat\Bullet">
      <UniqueIdentifier>{f7998a19-bd53-4a66-a3c3-b828e70328cd}</UniqueIdentifier>
    </Filter>
    <Filter Include="Header Files\Combat\Weapon">
      <UniqueIdentifier>{ad2f82f7-d1a9-4713-8cd9-b8230d8d6ee9}</UniqueIdentifier>
    </Filter>
    <Filter Include="Source Files\Combat">
      <UniqueIdentifier>{2dadfcad-90f0-4bd1-9f40-fe00433974b1}</UniqueIdentifier>
    </Filter>
    <Filter Include="Source Files\Combat\Weapon">
      <UniqueIdentifier>{8f25d85c-3724-4cba-9699-d378b44c1323}</UniqueIdentifier>
    </Filter>
    <Filter Include="Source Files\Combat\Bullet">
      <UniqueIdentifier>{d7e7c376-a8c9-4686-b9cd-6f567b61b30f}</UniqueIdentifier>
    </Filter>
    <Filter Include="Header Files\UI">
      <UniqueIdentifier>{bfa680b5-3f79-447d-972f-f82e997baa1b}</UniqueIdentifier>
    </Filter>
    <Filter Include="Source Files\UI">
      <UniqueIdentifier>{90672610-4f1e-4287-b432-a4c74d40e134}</UniqueIdentifier>
    </Filter>
    <Filter Include="Header Files\enemy">
      <UniqueIdentifier>{4e6ec45d-03f0-48c3-b7b2-cdd7c550320d}</UniqueIdentifier>
    </Filter>
    <Filter Include="Source Files\enemy">
      <UniqueIdentifier>{97e2f669-706c-4313-9e3b-4aa533b4947b}</UniqueIdentifier>
    </Filter>
    <Filter Include="Header Files\effect">
      <UniqueIdentifier>{19f87c86-bccc-47dd-a658-8a2f3fc94d4d}</UniqueIdentifier>
    </Filter>
    <Filter Include="Source Files\effect">
      <UniqueIdentifier>{e3565f1c-50d8-457a-92c1-87959246b731}</UniqueIdentifier>
    </Filter>
    <Filter Include="Source Files\Item">
      <UniqueIdentifier>{2a463e91-2ad2-4072-a5f3-b233cb490c4c}</UniqueIdentifier>
    </Filter>
    <Filter Include="Header Files\Item">
      <UniqueIdentifier>{99d01280-f3e2-4428-942a-10e39f2e5567}</UniqueIdentifier>
    </Filter>
  </ItemGroup>
  <ItemGroup>
    <ClInclude Include="stdafx.h">
      <Filter>Header Files</Filter>
    </ClInclude>
    <ClInclude Include="targetver.h">
      <Filter>Header Files</Filter>
    </ClInclude>
    <ClInclude Include="State\GameStateManager.h">
      <Filter>Header Files\GameState</Filter>
    </ClInclude>
    <ClInclude Include="State\GS_MainMenu.h">
      <Filter>Header Files\GameState</Filter>
    </ClInclude>
    <ClInclude Include="State\GS_PlayState.h">
      <Filter>Header Files\GameState</Filter>
    </ClInclude>
    <ClInclude Include="State\GS_WelcomScreen.h">
      <Filter>Header Files\GameState</Filter>
    </ClInclude>
    <ClInclude Include="State\StateBase.h">
      <Filter>Header Files\GameState</Filter>
    </ClInclude>
    <ClInclude Include="Singleton.h">
      <Filter>Header Files</Filter>
    </ClInclude>
    <ClInclude Include="Player.h">
      <Filter>Header Files</Filter>
    </ClInclude>
    <ClInclude Include="ResourcesManager2D.h">
      <Filter>Header Files</Filter>
    </ClInclude>
    <ClInclude Include="SceneManager2D.h">
      <Filter>Header Files</Filter>
    </ClInclude>
    <ClInclude Include="Sprite.h">
      <Filter>Header Files</Filter>
    </ClInclude>
    <ClInclude Include="WorldManager.h">
      <Filter>Header Files</Filter>
    </ClInclude>
    <ClInclude Include="ItemBody.h">
      <Filter>Header Files</Filter>
    </ClInclude>
    <ClInclude Include="Bullet.h">
      <Filter>Header Files\Combat\Bullet</Filter>
    </ClInclude>
    <ClInclude Include="GunBullet.h">
      <Filter>Header Files\Combat\Bullet</Filter>
    </ClInclude>
    <ClInclude Include="CombatController.h">
      <Filter>Header Files\Combat</Filter>
    </ClInclude>
    <ClInclude Include="Weapon.h">
      <Filter>Header Files\Combat\Weapon</Filter>
    </ClInclude>
    <ClInclude Include="SimpleGun.h">
      <Filter>Header Files\Combat\Weapon</Filter>
    </ClInclude>
    <ClInclude Include="BulletPool.h">
      <Filter>Header Files\Combat\Bullet</Filter>
    </ClInclude>
    <ClInclude Include="GunBulletPool.h">
      <Filter>Header Files\Combat\Bullet</Filter>
    </ClInclude>
    <ClInclude Include="BulletType.h">
      <Filter>Header Files\Combat</Filter>
    </ClInclude>
    <ClInclude Include="AutoGun.h">
      <Filter>Header Files\Combat\Weapon</Filter>
    </ClInclude>
    <ClInclude Include="FallingRock.h">
      <Filter>Header Files\Combat\Bullet</Filter>
    </ClInclude>
    <ClInclude Include="FallingRockPool.h">
      <Filter>Header Files\Combat\Bullet</Filter>
    </ClInclude>
    <ClInclude Include="State\GS_PauseState.h">
      <Filter>Header Files\GameState</Filter>
    </ClInclude>
    <ClInclude Include="..\FreeType\include\ft2build.h">
      <Filter>Header Files</Filter>
    </ClInclude>
    <ClInclude Include="UIComponent.h">
      <Filter>Header Files\UI</Filter>
    </ClInclude>
    <ClInclude Include="UIText.h">
      <Filter>Header Files\UI</Filter>
    </ClInclude>
    <ClInclude Include="FontFace.h">
      <Filter>Header Files\UI</Filter>
    </ClInclude>
    <ClInclude Include="MaterialText2D.h">
      <Filter>Header Files\UI</Filter>
    </ClInclude>
    <ClInclude Include="DeadlyBird.h">
      <Filter>Header Files\enemy</Filter>
    </ClInclude>
    <ClInclude Include="Enemy.h">
      <Filter>Header Files\enemy</Filter>
    </ClInclude>
    <ClInclude Include="FloatingFish.h">
      <Filter>Header Files\enemy</Filter>
    </ClInclude>
    <ClInclude Include="Obstacle.h">
      <Filter>Header Files\enemy</Filter>
    </ClInclude>
    <ClInclude Include="RockyGolem.h">
      <Filter>Header Files\enemy</Filter>
    </ClInclude>
    <ClInclude Include="SuicideBug.h">
      <Filter>Header Files\enemy</Filter>
    </ClInclude>
    <ClInclude Include="VampireBat.h">
      <Filter>Header Files\enemy</Filter>
    </ClInclude>
    <ClInclude Include="Button.h">
      <Filter>Header Files\UI</Filter>
    </ClInclude>
    <ClInclude Include="ListenerClass.h">
      <Filter>Header Files</Filter>
    </ClInclude>
    <ClInclude Include="UserData.h">
      <Filter>Header Files</Filter>
    </ClInclude>
    <ClInclude Include="HUDController.h">
      <Filter>Header Files\UI</Filter>
    </ClInclude>
    <ClInclude Include="AnimationController.h">
      <Filter>Header Files</Filter>
    </ClInclude>
    <ClInclude Include="State\GS_GameOverState.h">
      <Filter>Header Files\GameState</Filter>
    </ClInclude>
    <ClInclude Include="UnitButton.h">
      <Filter>Header Files</Filter>
    </ClInclude>
    <ClInclude Include="State\MapEditor.h">
      <Filter>Header Files\GameState</Filter>
    </ClInclude>
    <ClInclude Include="CurveFunction.h">
      <Filter>Header Files\effect</Filter>
    </ClInclude>
    <ClInclude Include="Effect.h">
      <Filter>Header Files\effect</Filter>
    </ClInclude>
    <ClInclude Include="EffectComposite.h">
      <Filter>Header Files\effect</Filter>
    </ClInclude>
    <ClInclude Include="EffectCompositePool.h">
      <Filter>Header Files\effect</Filter>
    </ClInclude>
    <ClInclude Include="EffectManager.h">
      <Filter>Header Files\effect</Filter>
    </ClInclude>
    <ClInclude Include="MaterialParticle2D.h">
      <Filter>Header Files\effect</Filter>
    </ClInclude>
    <ClInclude Include="Particle.h">
      <Filter>Header Files\effect</Filter>
    </ClInclude>
    <ClInclude Include="MapBorder.h">
      <Filter>Header Files</Filter>
    </ClInclude>
    <ClInclude Include="SpriteLoopTexture.h">
      <Filter>Header Files</Filter>
    </ClInclude>
    <ClInclude Include="SoundManager.h">
      <Filter>Header Files</Filter>
    </ClInclude>
    <ClInclude Include="Item.h">
      <Filter>Header Files\Item</Filter>
    </ClInclude>
    <ClInclude Include="ItemAmoGun.h">
      <Filter>Header Files\Item</Filter>
    </ClInclude>
    <ClInclude Include="ItemBuffDamage.h">
      <Filter>Header Files\Item</Filter>
    </ClInclude>
    <ClInclude Include="ItemBuffSpeed.h">
      <Filter>Header Files\Item</Filter>
    </ClInclude>
    <ClInclude Include="ItemHeal.h">
      <Filter>Header Files\Item</Filter>
    </ClInclude>
    <ClInclude Include="BrokenBalloon.h">
      <Filter>Header Files\Item</Filter>
    </ClInclude>
    <ClInclude Include="State\GS_TutorialState.h">
      <Filter>Header Files\GameState</Filter>
    </ClInclude>
  </ItemGroup>
  <ItemGroup>
    <ClCompile Include="main_game.cpp">
      <Filter>Source Files</Filter>
    </ClCompile>
    <ClCompile Include="stdafx.cpp">
      <Filter>Source Files</Filter>
    </ClCompile>
    <ClCompile Include="State\GameStateManager.cpp">
      <Filter>Source Files\GameState</Filter>
    </ClCompile>
    <ClCompile Include="State\GS_MainMenu.cpp">
      <Filter>Source Files\GameState</Filter>
    </ClCompile>
    <ClCompile Include="State\GS_PlayState.cpp">
      <Filter>Source Files\GameState</Filter>
    </ClCompile>
    <ClCompile Include="State\GS_WelcomScreen.cpp">
      <Filter>Source Files\GameState</Filter>
    </ClCompile>
    <ClCompile Include="State\StateBase.cpp">
      <Filter>Source Files\GameState</Filter>
    </ClCompile>
    <ClCompile Include="Player.cpp">
      <Filter>Source Files</Filter>
    </ClCompile>
    <ClCompile Include="ResourcesManager2D.cpp">
      <Filter>Source Files</Filter>
    </ClCompile>
    <ClCompile Include="SceneManager2D.cpp">
      <Filter>Source Files</Filter>
    </ClCompile>
    <ClCompile Include="Sprite.cpp">
      <Filter>Source Files</Filter>
    </ClCompile>
    <ClCompile Include="WorldManager.cpp">
      <Filter>Source Files</Filter>
    </ClCompile>
    <ClCompile Include="ItemBody.cpp">
      <Filter>Source Files</Filter>
    </ClCompile>
    <ClCompile Include="Bullet.cpp">
      <Filter>Source Files\Combat\Bullet</Filter>
    </ClCompile>
    <ClCompile Include="GunBullet.cpp">
      <Filter>Source Files\Combat\Bullet</Filter>
    </ClCompile>
    <ClCompile Include="Weapon.cpp">
      <Filter>Source Files\Combat\Weapon</Filter>
    </ClCompile>
    <ClCompile Include="SimpleGun.cpp">
      <Filter>Source Files\Combat\Weapon</Filter>
    </ClCompile>
    <ClCompile Include="CombatController.cpp">
      <Filter>Source Files\Combat</Filter>
    </ClCompile>
    <ClCompile Include="BulletPool.cpp">
      <Filter>Source Files\Combat\Bullet</Filter>
    </ClCompile>
    <ClCompile Include="GunBulletPool.cpp">
      <Filter>Source Files\Combat\Bullet</Filter>
    </ClCompile>
    <ClCompile Include="AutoGun.cpp">
      <Filter>Source Files\Combat\Weapon</Filter>
    </ClCompile>
    <ClCompile Include="FallingRockPool.cpp">
      <Filter>Source Files\Combat\Bullet</Filter>
    </ClCompile>
    <ClCompile Include="FallingRock.cpp">
      <Filter>Source Files\Combat\Bullet</Filter>
    </ClCompile>
    <ClCompile Include="State\GS_PauseState.cpp">
      <Filter>Source Files\GameState</Filter>
    </ClCompile>
    <ClCompile Include="FontFace.cpp">
      <Filter>Source Files\UI</Filter>
    </ClCompile>
    <ClCompile Include="MaterialText2D.cpp">
      <Filter>Source Files\UI</Filter>
    </ClCompile>
    <ClCompile Include="UIComponent.cpp">
      <Filter>Source Files\UI</Filter>
    </ClCompile>
    <ClCompile Include="UIText.cpp">
      <Filter>Source Files\UI</Filter>
    </ClCompile>
    <ClCompile Include="Button.cpp">
      <Filter>Source Files\UI</Filter>
    </ClCompile>
    <ClCompile Include="DeadlyBird.cpp">
      <Filter>Source Files\enemy</Filter>
    </ClCompile>
    <ClCompile Include="Enemy.cpp">
      <Filter>Source Files\enemy</Filter>
    </ClCompile>
    <ClCompile Include="FloatingFish.cpp">
      <Filter>Source Files\enemy</Filter>
    </ClCompile>
    <ClCompile Include="Obstacle.cpp">
      <Filter>Source Files\enemy</Filter>
    </ClCompile>
    <ClCompile Include="RockyGolem.cpp">
      <Filter>Source Files\enemy</Filter>
    </ClCompile>
    <ClCompile Include="SuicideBug.cpp">
      <Filter>Source Files\enemy</Filter>
    </ClCompile>
    <ClCompile Include="VampireBat.cpp">
      <Filter>Source Files\enemy</Filter>
    </ClCompile>
    <ClCompile Include="ListenerClass.cpp">
      <Filter>Source Files</Filter>
    </ClCompile>
    <ClCompile Include="HUDController.cpp">
      <Filter>Source Files\UI</Filter>
    </ClCompile>
    <ClCompile Include="AnimationController.cpp">
      <Filter>Source Files</Filter>
    </ClCompile>
    <ClCompile Include="State\GS_GameOverState.cpp">
      <Filter>Source Files\GameState</Filter>
    </ClCompile>
    <ClCompile Include="UnitButton.cpp">
      <Filter>Source Files</Filter>
    </ClCompile>
    <ClCompile Include="State\MapEditor.cpp">
      <Filter>Source Files\GameState</Filter>
    </ClCompile>
    <ClCompile Include="CurveFunction.cpp">
      <Filter>Source Files\effect</Filter>
    </ClCompile>
    <ClCompile Include="Effect.cpp">
      <Filter>Source Files\effect</Filter>
    </ClCompile>
    <ClCompile Include="EffectComposite.cpp">
      <Filter>Source Files\effect</Filter>
    </ClCompile>
    <ClCompile Include="EffectCompositePool.cpp">
      <Filter>Source Files\effect</Filter>
    </ClCompile>
    <ClCompile Include="EffectManager.cpp">
      <Filter>Source Files\effect</Filter>
    </ClCompile>
    <ClCompile Include="MaterialParticle2D.cpp">
      <Filter>Source Files\effect</Filter>
    </ClCompile>
    <ClCompile Include="ParticlesEmitter.cpp">
      <Filter>Source Files\effect</Filter>
    </ClCompile>
    <ClCompile Include="ParticlesEmitter.h">
      <Filter>Header Files\effect</Filter>
    </ClCompile>
    <ClCompile Include="MapBorder.cpp">
      <Filter>Source Files</Filter>
    </ClCompile>
    <ClCompile Include="SpriteLoopTexture.cpp">
      <Filter>Source Files</Filter>
    </ClCompile>
    <ClCompile Include="SoundManager.cpp">
      <Filter>Source Files</Filter>
    </ClCompile>
    <ClCompile Include="Item.cpp">
      <Filter>Source Files\Item</Filter>
    </ClCompile>
    <ClCompile Include="ItemAmoGun.cpp">
      <Filter>Source Files\Item</Filter>
    </ClCompile>
    <ClCompile Include="ItemBuffSpeed.cpp">
      <Filter>Source Files\Item</Filter>
    </ClCompile>
    <ClCompile Include="ItemBuffDamage.cpp">
      <Filter>Source Files\Item</Filter>
    </ClCompile>
    <ClCompile Include="ItemHeal.cpp">
      <Filter>Source Files\Item</Filter>
    </ClCompile>
    <ClCompile Include="BrokenBalloon.cpp">
      <Filter>Source Files\Item</Filter>
    </ClCompile>
    <ClCompile Include="State\GS_TutorialState.cpp">
      <Filter>Source Files\GameState</Filter>
    </ClCompile>
  </ItemGroup>
</Project>